{
  "name": "arrowheads",
  "version": "1.0.0",
  "lockfileVersion": 3,
  "requires": true,
  "packages": {
    "": {
      "name": "arrowheads",
      "version": "1.0.0",
      "license": "ISC",
      "dependencies": {
        "leaflet": "^1.9.4",
        "leaflet-arrowheads": "^1.4.0",
        "leaflet-geometryutil": "^0.10.2"
      }
    },
    "node_modules/leaflet": {
      "version": "1.9.4",
      "resolved": "https://registry.npmjs.org/leaflet/-/leaflet-1.9.4.tgz",
      "integrity": "sha512-nxS1ynzJOmOlHp+iL3FyWqK89GtNL8U8rvlMOsQdTTssxZwCXh8N2NB3GDQOL+YR3XnWyZAxwQixURb+FA74PA=="
    },
    "node_modules/leaflet-arrowheads": {
      "version": "1.4.0",
      "resolved": "https://registry.npmjs.org/leaflet-arrowheads/-/leaflet-arrowheads-1.4.0.tgz",
      "integrity": "sha512-aIjsmoWe1VJXaGOpKpS6E8EzN2vpx3GGCNP/FxQteLVzAg5xMID7elf9hj/1CWLJo8FuGRjSvKkUQDj7mocrYA==",
      "dependencies": {
        "leaflet": "^1.7.1",
        "leaflet-geometryutil": "^0.10.0"
      }
    },
    "node_modules/leaflet-geometryutil": {
      "version": "0.10.2",
      "resolved": "https://registry.npmjs.org/leaflet-geometryutil/-/leaflet-geometryutil-0.10.2.tgz",
      "integrity": "sha512-NBKO0dW6+Ur0LKa6t5JMBd242lAMjRek23O8awlpvoDmTrb7fqgZC608YLwpZ4TYJZ/RbLu9fclIN8M4pIVwTQ==",
      "dependencies": {
        "leaflet": "^1.6.0"
      }
    }
  }
}
